<Solution>
  <Folder Name="/Solution Items/">
    <File Path=".gitignore" />
    <File Path="NuGet.Config" />
    <File Path="README.md" />
  </Folder>
  <Folder Name="/Solution Items/docs/">
    <File Path="docs/releasing.md" />
    <File Path="docs\brainf$#k-language.md" />
    <File Path="docs\executable-fundamentals.md" />
    <File Path="docs\linux-elf.md" />
    <File Path="docs\mach-o-arm64.md" />
    <File Path="docs\msdos-com.md" />
    <File Path="docs\msdos-mz-exe.md" />
    <File Path="docs\pe32-plus-x64.md" />
    <File Path="docs\pe32-x86.md" />
    <File Path="docs\README.md" />
    <File Path="docs\TARGETS.md" />
  </Folder>
  <Folder Name="/Solution Items/.github/" />
  <Folder Name="/Solution Items/.github/workflows/">
    <File Path=".github/workflows/cut-release-tag.yml" />
    <File Path=".github/workflows/release.yml" />
  </Folder>
  <Folder Name="/Solution Items/.vscode/">
    <File Path=".vscode/launch.json" />
    <File Path=".vscode/tasks.json" />
  </Folder>
  <Folder Name="/Solution Items/bf_source/">
    <File Path="bf_source/add.bf" />
    <File Path="bf_source/advanced-test.bf" />
    <File Path="bf_source/beer.bf" />
    <File Path="bf_source/hello.bf" />
    <File Path="bf_source/name-insult.bf" />
  </Folder>
  <Project Path="BrainFudger/BrainFudger.csproj" />
</Solution>
